{
  "version": 4,
  "terraform_version": "1.1.7",
  "serial": 29,
  "lineage": "75deb3b3-94e7-2ea7-e7e6-b1bccc757997",
  "outputs": {
    "instance_ip_address": {
      "value": "54.177.31.216",
      "type": "string"
    }
  },
  "resources": [
    {
      "mode": "data",
      "type": "aws_ami",
      "name": "ubuntu",
      "provider": "provider[\"registry.terraform.io/hashicorp/aws\"]",
      "instances": [
        {
          "schema_version": 0,
          "attributes": {
            "architecture": "x86_64",
            "arn": "arn:aws:ec2:us-west-1::image/ami-03d69663e670110f6",
            "block_device_mappings": [
              {
                "device_name": "/dev/sda1",
                "ebs": {
                  "delete_on_termination": "false",
                  "encrypted": "false",
                  "iops": "12000",
                  "snapshot_id": "snap-091994c496ddfe8d2",
                  "throughput": "1000",
                  "volume_size": "100",
                  "volume_type": "gp3"
                },
                "no_device": "",
                "virtual_name": ""
              },
              {
                "device_name": "/dev/sdb",
                "ebs": {},
                "no_device": "",
                "virtual_name": "ephemeral0"
              },
              {
                "device_name": "/dev/sdc",
                "ebs": {},
                "no_device": "",
                "virtual_name": "ephemeral1"
              }
            ],
            "boot_mode": "",
            "creation_date": "2023-02-02T15:50:43.000Z",
            "deprecation_time": "2025-02-02T15:50:43.000Z",
            "description": "",
            "ena_support": true,
            "executable_users": null,
            "filter": null,
            "hypervisor": "xen",
            "id": "ami-03d69663e670110f6",
            "image_id": "ami-03d69663e670110f6",
            "image_location": "748115360335/lightning/images/ec2/stable/gpu/launcher-0.0.45-lightning-1.9.0v202302021525",
            "image_owner_alias": "",
            "image_type": "machine",
            "imds_support": "",
            "include_deprecated": false,
            "kernel_id": "",
            "most_recent": true,
            "name": "lightning/images/ec2/stable/gpu/launcher-0.0.45-lightning-1.9.0v202302021525",
            "name_regex": null,
            "owner_id": "748115360335",
            "owners": null,
            "platform": "",
            "platform_details": "Linux/UNIX",
            "product_codes": [],
            "public": true,
            "ramdisk_id": "",
            "root_device_name": "/dev/sda1",
            "root_device_type": "ebs",
            "root_snapshot_id": "snap-091994c496ddfe8d2",
            "sriov_net_support": "simple",
            "state": "available",
            "state_reason": {
              "code": "UNSET",
              "message": "UNSET"
            },
            "tags": {},
            "timeouts": null,
            "tpm_support": "",
            "usage_operation": "RunInstances",
            "virtualization_type": "hvm"
          },
          "sensitive_attributes": []
        }
      ]
    },
    {
      "mode": "managed",
      "type": "aws_instance",
      "name": "minecraft_server",
      "provider": "provider[\"registry.terraform.io/hashicorp/aws\"]",
      "instances": [
        {
          "schema_version": 1,
          "attributes": {
            "ami": "ami-03d69663e670110f6",
            "arn": "arn:aws:ec2:us-west-1:206458995229:instance/i-07ef54e4e9da1e7de",
            "associate_public_ip_address": true,
            "availability_zone": "us-west-1b",
            "capacity_reservation_specification": [
              {
                "capacity_reservation_preference": "open",
                "capacity_reservation_target": []
              }
            ],
            "cpu_core_count": 1,
            "cpu_threads_per_core": 1,
            "credit_specification": [
              {
                "cpu_credits": "standard"
              }
            ],
            "disable_api_stop": false,
            "disable_api_termination": false,
            "ebs_block_device": [],
            "ebs_optimized": false,
            "enclave_options": [
              {
                "enabled": false
              }
            ],
            "ephemeral_block_device": [],
            "get_password_data": false,
            "hibernation": false,
            "host_id": null,
            "host_resource_group_arn": null,
            "iam_instance_profile": "",
            "id": "i-07ef54e4e9da1e7de",
            "instance_initiated_shutdown_behavior": "stop",
            "instance_state": "running",
            "instance_type": "t2.small",
            "ipv6_address_count": 0,
            "ipv6_addresses": [],
            "key_name": "All",
            "launch_template": [],
            "maintenance_options": [
              {
                "auto_recovery": "default"
              }
            ],
            "metadata_options": [
              {
                "http_endpoint": "enabled",
                "http_put_response_hop_limit": 1,
                "http_tokens": "optional",
                "instance_metadata_tags": "disabled"
              }
            ],
            "monitoring": false,
            "network_interface": [],
            "outpost_arn": "",
            "password_data": "",
            "placement_group": "",
            "placement_partition_number": null,
            "primary_network_interface_id": "eni-035295d1b2393289b",
            "private_dns": "ip-172-31-22-192.us-west-1.compute.internal",
            "private_dns_name_options": [
              {
                "enable_resource_name_dns_a_record": false,
                "enable_resource_name_dns_aaaa_record": false,
                "hostname_type": "ip-name"
              }
            ],
            "private_ip": "172.31.22.192",
            "public_dns": "ec2-54-177-31-216.us-west-1.compute.amazonaws.com",
            "public_ip": "54.177.31.216",
            "root_block_device": [
              {
                "delete_on_termination": false,
                "device_name": "/dev/sda1",
                "encrypted": false,
                "iops": 12000,
                "kms_key_id": "",
                "tags": {},
                "throughput": 1000,
                "volume_id": "vol-07fa1591faa5bbc66",
                "volume_size": 100,
                "volume_type": "gp3"
              }
            ],
            "secondary_private_ips": [],
            "security_groups": [
              "terraform-20230202161335653300000001"
            ],
            "source_dest_check": true,
            "subnet_id": "subnet-0a221ead56d91d34e",
            "tags": {
              "Environment": "Dev",
              "Name": "My Minecraft Server"
            },
            "tags_all": {
              "Environment": "Dev",
              "Name": "My Minecraft Server"
            },
            "tenancy": "default",
            "timeouts": null,
            "user_data": null,
            "user_data_base64": null,
            "user_data_replace_on_change": false,
            "volume_tags": null,
            "vpc_security_group_ids": [
              "sg-05099fd867cf7dd5b"
            ]
          },
          "sensitive_attributes": [],
          "private": "eyJlMmJmYjczMC1lY2FhLTExZTYtOGY4OC0zNDM2M2JjN2M0YzAiOnsiY3JlYXRlIjo2MDAwMDAwMDAwMDAsImRlbGV0ZSI6MTIwMDAwMDAwMDAwMCwidXBkYXRlIjo2MDAwMDAwMDAwMDB9LCJzY2hlbWFfdmVyc2lvbiI6IjEifQ==",
          "dependencies": [
            "aws_key_pair.all",
            "aws_security_group.mc_security_group",
            "data.aws_ami.ubuntu"
          ]
        }
      ]
    },
    {
      "mode": "managed",
      "type": "aws_key_pair",
      "name": "all",
      "provider": "provider[\"registry.terraform.io/hashicorp/aws\"]",
      "instances": [
        {
          "schema_version": 1,
          "attributes": {
            "arn": "arn:aws:ec2:us-west-1:206458995229:key-pair/All",
            "fingerprint": "06:e1:3a:ce:67:98:43:8b:5e:21:7c:9c:f9:8f:b9:49",
            "id": "All",
            "key_name": "All",
            "key_name_prefix": "",
            "key_pair_id": "key-03ced7ee0991f8d64",
            "key_type": "rsa",
            "public_key": "ssh-rsa AAAAB3NzaC1yc2EAAAADAQABAAACAQDhn8jgnERwV9bAmxS4hUqJ4I6CpS2OEhfq/TxNGCWTKEmA9Q4rh9M6UWgikNMfWO4YXJFnTii48fPtPQYOaAI0N18sKN3Hx669J11i1Nm1jg4HyrVKuYu4ybdEBdG31kek1pJnjrp3KXh/9GkNUpOJGmgg6bG9LcXtwt+5jVSzo0q+8V9DAcd7x9W+Paan6c1Lssp+T0Y5bBC3su/cBZTg3Tc0ef/LStGd1xdzZ9VTJzZr/6xR0RprJvJksFe/zdMEsJiRb8Lhx2iydyGDxYs3Id3uHZn+t8Dy4bWWO5dUr+vEDcND4AAkC3n+lCw0YxOOZEidbKD0yJBrHwHCU/6fqsNYOAtMYupYPbOKrX7jWZ0fMvoUMMvFMQkwBkl5JUqItIOkY70pk3vLj9s5drNUtIdlcAPt6hqLXN+oFiIt9JpU/nU8QjpbQnnyG/Z0xzyoRauAuSRZ44X3fF8jGRX4H1wKy8mQc0yADI3Dd8OQ6GCY5c5of5kp59405UrDyRvuyd0PLgzSOxnbHRTPqgbv8eneeWHVty8c+4gjE8Qv+Uxb8MkgY41U4WMb/2kcxB781B+7ulMpsJpHRDYIIJUa3yAt6FJwZBa+R5HamdOVi4kCJy5vGtbdB7HLGeAOBpb3RRkCEwKZ+G2SB3JWmPfIY9aaIUtoZxaJtfZnBk9JiQ== hunter nuga@NUGA-PC",
            "tags": {},
            "tags_all": {}
          },
          "sensitive_attributes": [],
          "private": "eyJzY2hlbWFfdmVyc2lvbiI6IjEifQ=="
        }
      ]
    },
    {
      "mode": "managed",
      "type": "aws_security_group",
      "name": "mc_security_group",
      "provider": "provider[\"registry.terraform.io/hashicorp/aws\"]",
      "instances": [
        {
          "schema_version": 1,
          "attributes": {
            "arn": "arn:aws:ec2:us-west-1:206458995229:security-group/sg-05099fd867cf7dd5b",
            "description": "Managed by Terraform",
            "egress": [
              {
                "cidr_blocks": [
                  "0.0.0.0/0"
                ],
                "description": "Public outbound MC Acces",
                "from_port": 0,
                "ipv6_cidr_blocks": [],
                "prefix_list_ids": [],
                "protocol": "-1",
                "security_groups": [],
                "self": false,
                "to_port": 0
              }
            ],
            "id": "sg-05099fd867cf7dd5b",
            "ingress": [
              {
                "cidr_blocks": [
                  "0.0.0.0/0"
                ],
                "description": "",
                "from_port": 22,
                "ipv6_cidr_blocks": [],
                "prefix_list_ids": [],
                "protocol": "tcp",
                "security_groups": [],
                "self": false,
                "to_port": 22
              },
              {
                "cidr_blocks": [
                  "0.0.0.0/0"
                ],
                "description": "Public MC Access",
                "from_port": 25565,
                "ipv6_cidr_blocks": [],
                "prefix_list_ids": [],
                "protocol": "tcp",
                "security_groups": [],
                "self": false,
                "to_port": 25565
              }
            ],
            "name": "terraform-20230202161335653300000001",
            "name_prefix": "terraform-",
            "owner_id": "206458995229",
            "revoke_rules_on_delete": false,
            "tags": {
              "Name": "Minecraft Server"
            },
            "tags_all": {
              "Name": "Minecraft Server"
            },
            "timeouts": null,
            "vpc_id": "vpc-0a32073cf1b54d3a7"
          },
          "sensitive_attributes": [],
          "private": "eyJlMmJmYjczMC1lY2FhLTExZTYtOGY4OC0zNDM2M2JjN2M0YzAiOnsiY3JlYXRlIjo2MDAwMDAwMDAwMDAsImRlbGV0ZSI6OTAwMDAwMDAwMDAwfSwic2NoZW1hX3ZlcnNpb24iOiIxIn0="
        }
      ]
    }
  ]
}
